
Microsoft Visual Studio Solution File, Format Version 12.00
# Visual Studio Version 16
VisualStudioVersion = 16.0.31005.135
MinimumVisualStudioVersion = 10.0.40219.1
Project("{9A19103F-16F7-4668-BE54-9A1E7A4F7556}") = "Tarea_6_Rehacer_el_mismo_detalle_desde_cero", "Tarea_6_Rehacer_el_mismo_detalle_desde_cero.csproj", "{F2B2ED6B-C0F1-4B53-875C-914427EDD22A}"
EndProject
Global
	GlobalSection(SolutionConfigurationPlatforms) = preSolution
		Debug|Any CPU = Debug|Any CPU
		Release|Any CPU = Release|Any CPU
	EndGlobalSection
	GlobalSection(ProjectConfigurationPlatforms) = postSolution
		{F2B2ED6B-C0F1-4B53-875C-914427EDD22A}.Debug|Any CPU.ActiveCfg = Debug|Any CPU
		{F2B2ED6B-C0F1-4B53-875C-914427EDD22A}.Debug|Any CPU.Build.0 = Debug|Any CPU
		{F2B2ED6B-C0F1-4B53-875C-914427EDD22A}.Release|Any CPU.ActiveCfg = Release|Any CPU
		{F2B2ED6B-C0F1-4B53-875C-914427EDD22A}.Release|Any CPU.Build.0 = Release|Any CPU
	EndGlobalSection
	GlobalSection(SolutionProperties) = preSolution
		HideSolutionNode = FALSE
	EndGlobalSection
	GlobalSection(ExtensibilityGlobals) = postSolution
		SolutionGuid = {287D6323-31A3-4277-AC7F-872B26DD4342}
	EndGlobalSection
EndGlobal
